
Microsoft Visual Studio Solution File, Format Version 12.00
# Visual Studio Version 16
VisualStudioVersion = 16.0.31515.178
MinimumVisualStudioVersion = 10.0.40219.1
Project("{FAE04EC0-301F-11D3-BF4B-00C04F79EFBC}") = "ControleDeVacina", "ControleDeVacina\ControleDeVacina.csproj", "{7A897CB6-F89F-443B-BABD-8B6B748BD218}"
EndProject
Project("{2150E333-8FDC-42A3-9474-1A3956D46DE8}") = "ControleVacina", "ControleVacina", "{23810F85-4DA2-4C14-A2B5-FBFDF45C0D68}"
EndProject
Project("{2150E333-8FDC-42A3-9474-1A3956D46DE8}") = "Funcionarios", "Funcionarios", "{44C681A7-F046-4966-9E12-CFD9CF074CF8}"
EndProject
Project("{FAE04EC0-301F-11D3-BF4B-00C04F79EFBC}") = "ControleFuncionarios", "..\ControleFuncionarios\ControleFuncionarios.csproj", "{60B32E7E-5CE7-43C1-8A9E-0C80C50E6CFD}"
EndProject
Project("{2150E333-8FDC-42A3-9474-1A3956D46DE8}") = "Modelos", "Modelos", "{83B1756D-F97A-40B0-A9EC-7E1F9784284B}"
EndProject
Project("{FAE04EC0-301F-11D3-BF4B-00C04F79EFBC}") = "ControleModelos", "..\ControleModelos\ControleModelos.csproj", "{E7DF4B75-2906-4405-A6DA-1CAD20557821}"
EndProject
Project("{2150E333-8FDC-42A3-9474-1A3956D46DE8}") = "MotoCalculo", "MotoCalculo", "{E0AE9C6A-C928-42AD-9F5B-581A5D514326}"
EndProject
Project("{FAE04EC0-301F-11D3-BF4B-00C04F79EFBC}") = "ControleMoto", "..\ControleMoto\ControleMoto.csproj", "{11D18A65-4845-44F7-A83A-510F8DB102E8}"
EndProject
Global
	GlobalSection(SolutionConfigurationPlatforms) = preSolution
		Debug|Any CPU = Debug|Any CPU
		Release|Any CPU = Release|Any CPU
	EndGlobalSection
	GlobalSection(ProjectConfigurationPlatforms) = postSolution
		{7A897CB6-F89F-443B-BABD-8B6B748BD218}.Debug|Any CPU.ActiveCfg = Debug|Any CPU
		{7A897CB6-F89F-443B-BABD-8B6B748BD218}.Debug|Any CPU.Build.0 = Debug|Any CPU
		{7A897CB6-F89F-443B-BABD-8B6B748BD218}.Release|Any CPU.ActiveCfg = Release|Any CPU
		{7A897CB6-F89F-443B-BABD-8B6B748BD218}.Release|Any CPU.Build.0 = Release|Any CPU
		{60B32E7E-5CE7-43C1-8A9E-0C80C50E6CFD}.Debug|Any CPU.ActiveCfg = Debug|Any CPU
		{60B32E7E-5CE7-43C1-8A9E-0C80C50E6CFD}.Debug|Any CPU.Build.0 = Debug|Any CPU
		{60B32E7E-5CE7-43C1-8A9E-0C80C50E6CFD}.Release|Any CPU.ActiveCfg = Release|Any CPU
		{60B32E7E-5CE7-43C1-8A9E-0C80C50E6CFD}.Release|Any CPU.Build.0 = Release|Any CPU
		{E7DF4B75-2906-4405-A6DA-1CAD20557821}.Debug|Any CPU.ActiveCfg = Debug|Any CPU
		{E7DF4B75-2906-4405-A6DA-1CAD20557821}.Debug|Any CPU.Build.0 = Debug|Any CPU
		{E7DF4B75-2906-4405-A6DA-1CAD20557821}.Release|Any CPU.ActiveCfg = Release|Any CPU
		{E7DF4B75-2906-4405-A6DA-1CAD20557821}.Release|Any CPU.Build.0 = Release|Any CPU
		{11D18A65-4845-44F7-A83A-510F8DB102E8}.Debug|Any CPU.ActiveCfg = Debug|Any CPU
		{11D18A65-4845-44F7-A83A-510F8DB102E8}.Debug|Any CPU.Build.0 = Debug|Any CPU
		{11D18A65-4845-44F7-A83A-510F8DB102E8}.Release|Any CPU.ActiveCfg = Release|Any CPU
		{11D18A65-4845-44F7-A83A-510F8DB102E8}.Release|Any CPU.Build.0 = Release|Any CPU
	EndGlobalSection
	GlobalSection(SolutionProperties) = preSolution
		HideSolutionNode = FALSE
	EndGlobalSection
	GlobalSection(NestedProjects) = preSolution
		{7A897CB6-F89F-443B-BABD-8B6B748BD218} = {23810F85-4DA2-4C14-A2B5-FBFDF45C0D68}
		{60B32E7E-5CE7-43C1-8A9E-0C80C50E6CFD} = {44C681A7-F046-4966-9E12-CFD9CF074CF8}
		{E7DF4B75-2906-4405-A6DA-1CAD20557821} = {83B1756D-F97A-40B0-A9EC-7E1F9784284B}
		{11D18A65-4845-44F7-A83A-510F8DB102E8} = {E0AE9C6A-C928-42AD-9F5B-581A5D514326}
	EndGlobalSection
	GlobalSection(ExtensibilityGlobals) = postSolution
		SolutionGuid = {B007A63B-7D81-4239-95D7-E76EA0F0E5D6}
	EndGlobalSection
EndGlobal
